// !$*UTF8*$!
{
	archiveVersion = 1;
	classes = {
	};
	objectVersion = 56;
	objects = {

/* Begin PBXBuildFile section */
		AA1234560000000000000001 /* Dimmerly.icns in Resources */ = {isa = PBXBuildFile; fileRef = AA1234560000000000000002 /* Dimmerly.icns */; };
		05024BFD6B91C5336F8E4CC1 /* AlertPresenter.swift in Sources */ = {isa = PBXBuildFile; fileRef = 473CD46DB2D77DD4EB8463DA /* AlertPresenter.swift */; };
		34887812E1B9FF228147D4A5 /* KeyboardShortcut.swift in Sources */ = {isa = PBXBuildFile; fileRef = D1B045C3D2AA639266BC0483 /* KeyboardShortcut.swift */; };
		4418D8E7C90F85F1A0565B97 /* SettingsView.swift in Sources */ = {isa = PBXBuildFile; fileRef = 76B136A03B60312AFD4F720E /* SettingsView.swift */; };
		46A91AE061E879288C03F4F2 /* DisplayError.swift in Sources */ = {isa = PBXBuildFile; fileRef = E37863164B2170781448D5DC /* DisplayError.swift */; };
		79B76AB2030457F5760B45AD /* LaunchAtLoginManager.swift in Sources */ = {isa = PBXBuildFile; fileRef = 15EF8DD088138249EA3B9ED2 /* LaunchAtLoginManager.swift */; };
		C1B2C3D4E5F6A7B8C9D0E1F1 /* DimmerlyApp.swift in Sources */ = {isa = PBXBuildFile; fileRef = B1B2C3D4E5F6A7B8C9D0E1F1 /* DimmerlyApp.swift */; };
		C1B2C3D4E5F6A7B8C9D0E1F2 /* DisplayController.swift in Sources */ = {isa = PBXBuildFile; fileRef = B1B2C3D4E5F6A7B8C9D0E1F2 /* DisplayController.swift */; };
		C1B2C3D4E5F6A7B8C9D0E1F3 /* Assets.xcassets in Resources */ = {isa = PBXBuildFile; fileRef = B1B2C3D4E5F6A7B8C9D0E1F4 /* Assets.xcassets */; };
		D020A5D272EBF573C8F22F90 /* KeyboardShortcutRecorder.swift in Sources */ = {isa = PBXBuildFile; fileRef = C50F163FD03D0874576E9962 /* KeyboardShortcutRecorder.swift */; };
		D4F246BF3A0883989414211C /* KeyboardShortcutManager.swift in Sources */ = {isa = PBXBuildFile; fileRef = 4938628BCBDB203349940ACE /* KeyboardShortcutManager.swift */; };
		F002FDE8D5FAD64627544CEC /* AppSettings.swift in Sources */ = {isa = PBXBuildFile; fileRef = FE7B95B7556B68B59FE0DC7B /* AppSettings.swift */; };
		T1B2C3D4E5F6A7B8C9D0E301 /* DisplayControllerTests.swift in Sources */ = {isa = PBXBuildFile; fileRef = T1B2C3D4E5F6A7B8C9D0E300 /* DisplayControllerTests.swift */; };
		T1B2C3D4E5F6A7B8C9D0E311 /* AppSettingsTests.swift in Sources */ = {isa = PBXBuildFile; fileRef = T1B2C3D4E5F6A7B8C9D0E310 /* AppSettingsTests.swift */; };
		T1B2C3D4E5F6A7B8C9D0E321 /* KeyboardShortcutTests.swift in Sources */ = {isa = PBXBuildFile; fileRef = T1B2C3D4E5F6A7B8C9D0E320 /* KeyboardShortcutTests.swift */; };
/* End PBXBuildFile section */

/* Begin PBXContainerItemProxy section */
		T1B2C3D4E5F6A7B8C9D0E202 /* PBXContainerItemProxy */ = {
			isa = PBXContainerItemProxy;
			containerPortal = A1B2C3D4E5F6A7B8C9D0E1F2 /* Project object */;
			proxyType = 1;
			remoteGlobalIDString = A1B2C3D4E5F6A7B8C9D0E1F5;
			remoteInfo = Dimmerly;
		};
/* End PBXContainerItemProxy section */

/* Begin PBXFileReference section */
		AA1234560000000000000002 /* Dimmerly.icns */ = {isa = PBXFileReference; lastKnownFileType = image.icns; path = Dimmerly.icns; sourceTree = "<group>"; };
		15EF8DD088138249EA3B9ED2 /* LaunchAtLoginManager.swift */ = {isa = PBXFileReference; lastKnownFileType = sourcecode.swift; path = LaunchAtLoginManager.swift; sourceTree = "<group>"; };
		473CD46DB2D77DD4EB8463DA /* AlertPresenter.swift */ = {isa = PBXFileReference; lastKnownFileType = sourcecode.swift; path = AlertPresenter.swift; sourceTree = "<group>"; };
		4938628BCBDB203349940ACE /* KeyboardShortcutManager.swift */ = {isa = PBXFileReference; lastKnownFileType = sourcecode.swift; path = KeyboardShortcutManager.swift; sourceTree = "<group>"; };
		76B136A03B60312AFD4F720E /* SettingsView.swift */ = {isa = PBXFileReference; lastKnownFileType = sourcecode.swift; path = SettingsView.swift; sourceTree = "<group>"; };
		A1B2C3D4E5F6A7B8C9D0E1FF /* Dimmerly.app */ = {isa = PBXFileReference; explicitFileType = wrapper.application; includeInIndex = 0; path = Dimmerly.app; sourceTree = BUILT_PRODUCTS_DIR; };
		B1B2C3D4E5F6A7B8C9D0E1F1 /* DimmerlyApp.swift */ = {isa = PBXFileReference; lastKnownFileType = sourcecode.swift; path = DimmerlyApp.swift; sourceTree = "<group>"; };
		B1B2C3D4E5F6A7B8C9D0E1F2 /* DisplayController.swift */ = {isa = PBXFileReference; lastKnownFileType = sourcecode.swift; path = DisplayController.swift; sourceTree = "<group>"; };
		B1B2C3D4E5F6A7B8C9D0E1F3 /* Info.plist */ = {isa = PBXFileReference; lastKnownFileType = text.plist.xml; path = Info.plist; sourceTree = "<group>"; };
		B1B2C3D4E5F6A7B8C9D0E1F4 /* Assets.xcassets */ = {isa = PBXFileReference; lastKnownFileType = folder.assetcatalog; path = Assets.xcassets; sourceTree = "<group>"; };
		C50F163FD03D0874576E9962 /* KeyboardShortcutRecorder.swift */ = {isa = PBXFileReference; lastKnownFileType = sourcecode.swift; path = KeyboardShortcutRecorder.swift; sourceTree = "<group>"; };
		D1B045C3D2AA639266BC0483 /* KeyboardShortcut.swift */ = {isa = PBXFileReference; lastKnownFileType = sourcecode.swift; path = KeyboardShortcut.swift; sourceTree = "<group>"; };
		E37863164B2170781448D5DC /* DisplayError.swift */ = {isa = PBXFileReference; lastKnownFileType = sourcecode.swift; path = DisplayError.swift; sourceTree = "<group>"; };
		FE7B95B7556B68B59FE0DC7B /* AppSettings.swift */ = {isa = PBXFileReference; lastKnownFileType = sourcecode.swift; path = AppSettings.swift; sourceTree = "<group>"; };
		T1B2C3D4E5F6A7B8C9D0E1FF /* DimmerlyTests.xctest */ = {isa = PBXFileReference; explicitFileType = wrapper.cfbundle; includeInIndex = 0; path = DimmerlyTests.xctest; sourceTree = BUILT_PRODUCTS_DIR; };
		T1B2C3D4E5F6A7B8C9D0E300 /* DisplayControllerTests.swift */ = {isa = PBXFileReference; lastKnownFileType = sourcecode.swift; path = DisplayControllerTests.swift; sourceTree = "<group>"; };
		T1B2C3D4E5F6A7B8C9D0E310 /* AppSettingsTests.swift */ = {isa = PBXFileReference; lastKnownFileType = sourcecode.swift; path = AppSettingsTests.swift; sourceTree = "<group>"; };
		T1B2C3D4E5F6A7B8C9D0E320 /* KeyboardShortcutTests.swift */ = {isa = PBXFileReference; lastKnownFileType = sourcecode.swift; path = KeyboardShortcutTests.swift; sourceTree = "<group>"; };
/* End PBXFileReference section */

/* Begin PBXFrameworksBuildPhase section */
		A1B2C3D4E5F6A7B8C9D0E1FE /* Frameworks */ = {
			isa = PBXFrameworksBuildPhase;
			buildActionMask = 2147483647;
			files = (
			);
			runOnlyForDeploymentPostprocessing = 0;
		};
		T1B2C3D4E5F6A7B8C9D0E1FE /* Frameworks */ = {
			isa = PBXFrameworksBuildPhase;
			buildActionMask = 2147483647;
			files = (
			);
			runOnlyForDeploymentPostprocessing = 0;
		};
/* End PBXFrameworksBuildPhase section */

/* Begin PBXGroup section */
		202BEEB29F4F688134482A54 /* Views */ = {
			isa = PBXGroup;
			children = (
				C50F163FD03D0874576E9962 /* KeyboardShortcutRecorder.swift */,
				76B136A03B60312AFD4F720E /* SettingsView.swift */,
			);
			path = Views;
			sourceTree = "<group>";
		};
		A1B2C3D4E5F6A7B8C9D0E1F3 = {
			isa = PBXGroup;
			children = (
				A1B2C3D4E5F6A7B8C9D0E200 /* Dimmerly */,
				T1B2C3D4E5F6A7B8C9D0E203 /* DimmerlyTests */,
				A1B2C3D4E5F6A7B8C9D0E1F4 /* Products */,
			);
			sourceTree = "<group>";
		};
		A1B2C3D4E5F6A7B8C9D0E1F4 /* Products */ = {
			isa = PBXGroup;
			children = (
				A1B2C3D4E5F6A7B8C9D0E1FF /* Dimmerly.app */,
				T1B2C3D4E5F6A7B8C9D0E1FF /* DimmerlyTests.xctest */,
			);
			name = Products;
			sourceTree = "<group>";
		};
		A1B2C3D4E5F6A7B8C9D0E200 /* Dimmerly */ = {
			isa = PBXGroup;
			children = (
				B3835FE94A42F119C2E9B4CD /* Models */,
				202BEEB29F4F688134482A54 /* Views */,
				BEC7BD475215C49FED39FD34 /* Utilities */,
				B1B2C3D4E5F6A7B8C9D0E1F1 /* DimmerlyApp.swift */,
				B1B2C3D4E5F6A7B8C9D0E1F2 /* DisplayController.swift */,
				B1B2C3D4E5F6A7B8C9D0E1F4 /* Assets.xcassets */,
				AA1234560000000000000002 /* Dimmerly.icns */,
				B1B2C3D4E5F6A7B8C9D0E1F3 /* Info.plist */,
			);
			path = Dimmerly;
			sourceTree = "<group>";
		};
		B3835FE94A42F119C2E9B4CD /* Models */ = {
			isa = PBXGroup;
			children = (
				E37863164B2170781448D5DC /* DisplayError.swift */,
				D1B045C3D2AA639266BC0483 /* KeyboardShortcut.swift */,
				FE7B95B7556B68B59FE0DC7B /* AppSettings.swift */,
			);
			path = Models;
			sourceTree = "<group>";
		};
		BEC7BD475215C49FED39FD34 /* Utilities */ = {
			isa = PBXGroup;
			children = (
				473CD46DB2D77DD4EB8463DA /* AlertPresenter.swift */,
				15EF8DD088138249EA3B9ED2 /* LaunchAtLoginManager.swift */,
				4938628BCBDB203349940ACE /* KeyboardShortcutManager.swift */,
			);
			path = Utilities;
			sourceTree = "<group>";
		};
		T1B2C3D4E5F6A7B8C9D0E203 /* DimmerlyTests */ = {
			isa = PBXGroup;
			children = (
				T1B2C3D4E5F6A7B8C9D0E300 /* DisplayControllerTests.swift */,
				T1B2C3D4E5F6A7B8C9D0E310 /* AppSettingsTests.swift */,
				T1B2C3D4E5F6A7B8C9D0E320 /* KeyboardShortcutTests.swift */,
			);
			path = DimmerlyTests;
			sourceTree = "<group>";
		};
/* End PBXGroup section */

/* Begin PBXNativeTarget section */
		A1B2C3D4E5F6A7B8C9D0E1F5 /* Dimmerly */ = {
			isa = PBXNativeTarget;
			buildConfigurationList = A1B2C3D4E5F6A7B8C9D0E1F7 /* Build configuration list for PBXNativeTarget "Dimmerly" */;
			buildPhases = (
				A1B2C3D4E5F6A7B8C9D0E1FC /* Sources */,
				A1B2C3D4E5F6A7B8C9D0E1FD /* Resources */,
				A1B2C3D4E5F6A7B8C9D0E1FE /* Frameworks */,
			);
			buildRules = (
			);
			dependencies = (
			);
			name = Dimmerly;
			productName = Dimmerly;
			productReference = A1B2C3D4E5F6A7B8C9D0E1FF /* Dimmerly.app */;
			productType = "com.apple.product-type.application";
		};
		T1B2C3D4E5F6A7B8C9D0E1F5 /* DimmerlyTests */ = {
			isa = PBXNativeTarget;
			buildConfigurationList = T1B2C3D4E5F6A7B8C9D0E1F7 /* Build configuration list for PBXNativeTarget "DimmerlyTests" */;
			buildPhases = (
				T1B2C3D4E5F6A7B8C9D0E1FC /* Sources */,
				T1B2C3D4E5F6A7B8C9D0E1FD /* Resources */,
				T1B2C3D4E5F6A7B8C9D0E1FE /* Frameworks */,
			);
			buildRules = (
			);
			dependencies = (
				T1B2C3D4E5F6A7B8C9D0E204 /* PBXTargetDependency */,
			);
			name = DimmerlyTests;
			productName = DimmerlyTests;
			productReference = T1B2C3D4E5F6A7B8C9D0E1FF /* DimmerlyTests.xctest */;
			productType = "com.apple.product-type.bundle.unit-test";
		};
/* End PBXNativeTarget section */

/* Begin PBXProject section */
		A1B2C3D4E5F6A7B8C9D0E1F2 /* Project object */ = {
			isa = PBXProject;
			attributes = {
				LastSwiftUpdateCheck = 1500;
				LastUpgradeCheck = 1500;
				TargetAttributes = {
					A1B2C3D4E5F6A7B8C9D0E1F5 = {
						CreatedOnToolsVersion = 15.0;
					};
					T1B2C3D4E5F6A7B8C9D0E1F5 = {
						CreatedOnToolsVersion = 15.0;
						TestTargetID = A1B2C3D4E5F6A7B8C9D0E1F5;
					};
				};
			};
			buildConfigurationList = A1B2C3D4E5F6A7B8C9D0E1F6 /* Build configuration list for PBXProject "Dimmerly" */;
			compatibilityVersion = "Xcode 14.0";
			developmentRegion = en;
			hasScannedForEncodings = 0;
			knownRegions = (
				en,
				Base,
			);
			mainGroup = A1B2C3D4E5F6A7B8C9D0E1F3;
			productRefGroup = A1B2C3D4E5F6A7B8C9D0E1F4 /* Products */;
			projectDirPath = "";
			projectRoot = "";
			targets = (
				A1B2C3D4E5F6A7B8C9D0E1F5 /* Dimmerly */,
				T1B2C3D4E5F6A7B8C9D0E1F5 /* DimmerlyTests */,
			);
		};
/* End PBXProject section */

/* Begin PBXResourcesBuildPhase section */
		A1B2C3D4E5F6A7B8C9D0E1FD /* Resources */ = {
			isa = PBXResourcesBuildPhase;
			buildActionMask = 2147483647;
			files = (
				C1B2C3D4E5F6A7B8C9D0E1F3 /* Assets.xcassets in Resources */,
				AA1234560000000000000001 /* Dimmerly.icns in Resources */,
			);
			runOnlyForDeploymentPostprocessing = 0;
		};
		T1B2C3D4E5F6A7B8C9D0E1FD /* Resources */ = {
			isa = PBXResourcesBuildPhase;
			buildActionMask = 2147483647;
			files = (
			);
			runOnlyForDeploymentPostprocessing = 0;
		};
/* End PBXResourcesBuildPhase section */

/* Begin PBXSourcesBuildPhase section */
		A1B2C3D4E5F6A7B8C9D0E1FC /* Sources */ = {
			isa = PBXSourcesBuildPhase;
			buildActionMask = 2147483647;
			files = (
				C1B2C3D4E5F6A7B8C9D0E1F1 /* DimmerlyApp.swift in Sources */,
				C1B2C3D4E5F6A7B8C9D0E1F2 /* DisplayController.swift in Sources */,
				46A91AE061E879288C03F4F2 /* DisplayError.swift in Sources */,
				34887812E1B9FF228147D4A5 /* KeyboardShortcut.swift in Sources */,
				F002FDE8D5FAD64627544CEC /* AppSettings.swift in Sources */,
				05024BFD6B91C5336F8E4CC1 /* AlertPresenter.swift in Sources */,
				79B76AB2030457F5760B45AD /* LaunchAtLoginManager.swift in Sources */,
				D4F246BF3A0883989414211C /* KeyboardShortcutManager.swift in Sources */,
				D020A5D272EBF573C8F22F90 /* KeyboardShortcutRecorder.swift in Sources */,
				4418D8E7C90F85F1A0565B97 /* SettingsView.swift in Sources */,
			);
			runOnlyForDeploymentPostprocessing = 0;
		};
		T1B2C3D4E5F6A7B8C9D0E1FC /* Sources */ = {
			isa = PBXSourcesBuildPhase;
			buildActionMask = 2147483647;
			files = (
				T1B2C3D4E5F6A7B8C9D0E301 /* DisplayControllerTests.swift in Sources */,
				T1B2C3D4E5F6A7B8C9D0E311 /* AppSettingsTests.swift in Sources */,
				T1B2C3D4E5F6A7B8C9D0E321 /* KeyboardShortcutTests.swift in Sources */,
			);
			runOnlyForDeploymentPostprocessing = 0;
		};
/* End PBXSourcesBuildPhase section */

/* Begin PBXTargetDependency section */
		T1B2C3D4E5F6A7B8C9D0E204 /* PBXTargetDependency */ = {
			isa = PBXTargetDependency;
			target = A1B2C3D4E5F6A7B8C9D0E1F5 /* Dimmerly */;
			targetProxy = T1B2C3D4E5F6A7B8C9D0E202 /* PBXContainerItemProxy */;
		};
/* End PBXTargetDependency section */

/* Begin XCBuildConfiguration section */
		A1B2C3D4E5F6A7B8C9D0E1F8 /* Debug */ = {
			isa = XCBuildConfiguration;
			buildSettings = {
				ALWAYS_SEARCH_USER_PATHS = NO;
				CLANG_ANALYZER_NONNULL = YES;
				CLANG_ANALYZER_NUMBER_OBJECT_CONVERSION = YES_AGGRESSIVE;
				CLANG_CXX_LANGUAGE_STANDARD = "gnu++20";
				CLANG_ENABLE_MODULES = YES;
				CLANG_ENABLE_OBJC_ARC = YES;
				CLANG_ENABLE_OBJC_WEAK = YES;
				CLANG_WARN_BLOCK_CAPTURE_AUTORELEASING = YES;
				CLANG_WARN_BOOL_CONVERSION = YES;
				CLANG_WARN_COMMA = YES;
				CLANG_WARN_CONSTANT_CONVERSION = YES;
				CLANG_WARN_DEPRECATED_OBJC_IMPLEMENTATIONS = YES;
				CLANG_WARN_DIRECT_OBJC_ISA_USAGE = YES_ERROR;
				CLANG_WARN_DOCUMENTATION_COMMENTS = YES;
				CLANG_WARN_EMPTY_BODY = YES;
				CLANG_WARN_ENUM_CONVERSION = YES;
				CLANG_WARN_INFINITE_RECURSION = YES;
				CLANG_WARN_INT_CONVERSION = YES;
				CLANG_WARN_NON_LITERAL_NULL_CONVERSION = YES;
				CLANG_WARN_OBJC_IMPLICIT_RETAIN_SELF = YES;
				CLANG_WARN_OBJC_LITERAL_CONVERSION = YES;
				CLANG_WARN_OBJC_ROOT_CLASS = YES_ERROR;
				CLANG_WARN_QUOTED_INCLUDE_IN_FRAMEWORK_HEADER = YES;
				CLANG_WARN_RANGE_LOOP_ANALYSIS = YES;
				CLANG_WARN_STRICT_PROTOTYPES = YES;
				CLANG_WARN_SUSPICIOUS_MOVE = YES;
				CLANG_WARN_UNGUARDED_AVAILABILITY = YES_AGGRESSIVE;
				CLANG_WARN_UNREACHABLE_CODE = YES;
				CLANG_WARN__DUPLICATE_METHOD_MATCH = YES;
				COPY_PHASE_STRIP = NO;
				DEBUG_INFORMATION_FORMAT = dwarf;
				ENABLE_STRICT_OBJC_MSGSEND = YES;
				ENABLE_TESTABILITY = YES;
				GCC_C_LANGUAGE_STANDARD = gnu11;
				GCC_DYNAMIC_NO_PIC = NO;
				GCC_NO_COMMON_BLOCKS = YES;
				GCC_OPTIMIZATION_LEVEL = 0;
				GCC_PREPROCESSOR_DEFINITIONS = (
					"DEBUG=1",
					"$(inherited)",
				);
				GCC_WARN_64_TO_32_BIT_CONVERSION = YES;
				GCC_WARN_ABOUT_RETURN_TYPE = YES_ERROR;
				GCC_WARN_UNDECLARED_SELECTOR = YES;
				GCC_WARN_UNINITIALIZED_AUTOS = YES_AGGRESSIVE;
				GCC_WARN_UNUSED_FUNCTION = YES;
				GCC_WARN_UNUSED_VARIABLE = YES;
				MACOSX_DEPLOYMENT_TARGET = 13.0;
				MTL_ENABLE_DEBUG_INFO = INCLUDE_SOURCE;
				MTL_FAST_MATH = YES;
				ONLY_ACTIVE_ARCH = YES;
				SDKROOT = macosx;
				SWIFT_ACTIVE_COMPILATION_CONDITIONS = DEBUG;
				SWIFT_OPTIMIZATION_LEVEL = "-Onone";
				SWIFT_VERSION = 5.0;
			};
			name = Debug;
		};
		A1B2C3D4E5F6A7B8C9D0E1F9 /* Release */ = {
			isa = XCBuildConfiguration;
			buildSettings = {
				ALWAYS_SEARCH_USER_PATHS = NO;
				CLANG_ANALYZER_NONNULL = YES;
				CLANG_ANALYZER_NUMBER_OBJECT_CONVERSION = YES_AGGRESSIVE;
				CLANG_CXX_LANGUAGE_STANDARD = "gnu++20";
				CLANG_ENABLE_MODULES = YES;
				CLANG_ENABLE_OBJC_ARC = YES;
				CLANG_ENABLE_OBJC_WEAK = YES;
				CLANG_WARN_BLOCK_CAPTURE_AUTORELEASING = YES;
				CLANG_WARN_BOOL_CONVERSION = YES;
				CLANG_WARN_COMMA = YES;
				CLANG_WARN_CONSTANT_CONVERSION = YES;
				CLANG_WARN_DEPRECATED_OBJC_IMPLEMENTATIONS = YES;
				CLANG_WARN_DIRECT_OBJC_ISA_USAGE = YES_ERROR;
				CLANG_WARN_DOCUMENTATION_COMMENTS = YES;
				CLANG_WARN_EMPTY_BODY = YES;
				CLANG_WARN_ENUM_CONVERSION = YES;
				CLANG_WARN_INFINITE_RECURSION = YES;
				CLANG_WARN_INT_CONVERSION = YES;
				CLANG_WARN_NON_LITERAL_NULL_CONVERSION = YES;
				CLANG_WARN_OBJC_IMPLICIT_RETAIN_SELF = YES;
				CLANG_WARN_OBJC_LITERAL_CONVERSION = YES;
				CLANG_WARN_OBJC_ROOT_CLASS = YES_ERROR;
				CLANG_WARN_QUOTED_INCLUDE_IN_FRAMEWORK_HEADER = YES;
				CLANG_WARN_RANGE_LOOP_ANALYSIS = YES;
				CLANG_WARN_STRICT_PROTOTYPES = YES;
				CLANG_WARN_SUSPICIOUS_MOVE = YES;
				CLANG_WARN_UNGUARDED_AVAILABILITY = YES_AGGRESSIVE;
				CLANG_WARN_UNREACHABLE_CODE = YES;
				CLANG_WARN__DUPLICATE_METHOD_MATCH = YES;
				COPY_PHASE_STRIP = NO;
				DEBUG_INFORMATION_FORMAT = "dwarf-with-dsym";
				ENABLE_NS_ASSERTIONS = NO;
				ENABLE_STRICT_OBJC_MSGSEND = YES;
				GCC_C_LANGUAGE_STANDARD = gnu11;
				GCC_NO_COMMON_BLOCKS = YES;
				GCC_WARN_64_TO_32_BIT_CONVERSION = YES;
				GCC_WARN_ABOUT_RETURN_TYPE = YES_ERROR;
				GCC_WARN_UNDECLARED_SELECTOR = YES;
				GCC_WARN_UNINITIALIZED_AUTOS = YES_AGGRESSIVE;
				GCC_WARN_UNUSED_FUNCTION = YES;
				GCC_WARN_UNUSED_VARIABLE = YES;
				MACOSX_DEPLOYMENT_TARGET = 13.0;
				MTL_FAST_MATH = YES;
				SDKROOT = macosx;
				SWIFT_COMPILATION_MODE = wholemodule;
				SWIFT_OPTIMIZATION_LEVEL = "-O";
				SWIFT_VERSION = 5.0;
			};
			name = Release;
		};
		A1B2C3D4E5F6A7B8C9D0E1FA /* Debug */ = {
			isa = XCBuildConfiguration;
			buildSettings = {
				CODE_SIGN_STYLE = Automatic;
				COMBINE_HIDPI_IMAGES = YES;
				CURRENT_PROJECT_VERSION = 1;
				DEVELOPMENT_TEAM = MN5C3DH647;
				GENERATE_INFOPLIST_FILE = NO;
				INFOPLIST_FILE = Dimmerly/Info.plist;
				MARKETING_VERSION = 1.0;
				PRODUCT_BUNDLE_IDENTIFIER = rs.in.olujic.dimmerly;
				PRODUCT_NAME = "$(TARGET_NAME)";
			};
			name = Debug;
		};
		A1B2C3D4E5F6A7B8C9D0E1FB /* Release */ = {
			isa = XCBuildConfiguration;
			buildSettings = {
				CODE_SIGN_STYLE = Automatic;
				COMBINE_HIDPI_IMAGES = YES;
				CURRENT_PROJECT_VERSION = 1;
				DEVELOPMENT_TEAM = MN5C3DH647;
				GENERATE_INFOPLIST_FILE = NO;
				INFOPLIST_FILE = Dimmerly/Info.plist;
				MARKETING_VERSION = 1.0;
				PRODUCT_BUNDLE_IDENTIFIER = rs.in.olujic.dimmerly;
				PRODUCT_NAME = "$(TARGET_NAME)";
			};
			name = Release;
		};
		T1B2C3D4E5F6A7B8C9D0E1FA /* Debug */ = {
			isa = XCBuildConfiguration;
			buildSettings = {
				BUNDLE_LOADER = "$(TEST_HOST)";
				CODE_SIGN_STYLE = Automatic;
				COMBINE_HIDPI_IMAGES = YES;
				CURRENT_PROJECT_VERSION = 1;
				DEVELOPMENT_TEAM = MN5C3DH647;
				GENERATE_INFOPLIST_FILE = YES;
				MACOSX_DEPLOYMENT_TARGET = 13.0;
				MARKETING_VERSION = 1.0;
				PRODUCT_BUNDLE_IDENTIFIER = rs.in.olujic.DimmerlyTests;
				PRODUCT_NAME = "$(TARGET_NAME)";
				SWIFT_EMIT_LOC_STRINGS = NO;
				TEST_HOST = "$(BUILT_PRODUCTS_DIR)/Dimmerly.app/$(BUNDLE_EXECUTABLE_FOLDER_PATH)/Dimmerly";
			};
			name = Debug;
		};
		T1B2C3D4E5F6A7B8C9D0E1FB /* Release */ = {
			isa = XCBuildConfiguration;
			buildSettings = {
				BUNDLE_LOADER = "$(TEST_HOST)";
				CODE_SIGN_STYLE = Automatic;
				COMBINE_HIDPI_IMAGES = YES;
				CURRENT_PROJECT_VERSION = 1;
				DEVELOPMENT_TEAM = MN5C3DH647;
				GENERATE_INFOPLIST_FILE = YES;
				MACOSX_DEPLOYMENT_TARGET = 13.0;
				MARKETING_VERSION = 1.0;
				PRODUCT_BUNDLE_IDENTIFIER = rs.in.olujic.DimmerlyTests;
				PRODUCT_NAME = "$(TARGET_NAME)";
				SWIFT_EMIT_LOC_STRINGS = NO;
				TEST_HOST = "$(BUILT_PRODUCTS_DIR)/Dimmerly.app/$(BUNDLE_EXECUTABLE_FOLDER_PATH)/Dimmerly";
			};
			name = Release;
		};
/* End XCBuildConfiguration section */

/* Begin XCConfigurationList section */
		A1B2C3D4E5F6A7B8C9D0E1F6 /* Build configuration list for PBXProject "Dimmerly" */ = {
			isa = XCConfigurationList;
			buildConfigurations = (
				A1B2C3D4E5F6A7B8C9D0E1F8 /* Debug */,
				A1B2C3D4E5F6A7B8C9D0E1F9 /* Release */,
			);
			defaultConfigurationIsVisible = 0;
			defaultConfigurationName = Release;
		};
		A1B2C3D4E5F6A7B8C9D0E1F7 /* Build configuration list for PBXNativeTarget "Dimmerly" */ = {
			isa = XCConfigurationList;
			buildConfigurations = (
				A1B2C3D4E5F6A7B8C9D0E1FA /* Debug */,
				A1B2C3D4E5F6A7B8C9D0E1FB /* Release */,
			);
			defaultConfigurationIsVisible = 0;
			defaultConfigurationName = Release;
		};
		T1B2C3D4E5F6A7B8C9D0E1F7 /* Build configuration list for PBXNativeTarget "DimmerlyTests" */ = {
			isa = XCConfigurationList;
			buildConfigurations = (
				T1B2C3D4E5F6A7B8C9D0E1FA /* Debug */,
				T1B2C3D4E5F6A7B8C9D0E1FB /* Release */,
			);
			defaultConfigurationIsVisible = 0;
			defaultConfigurationName = Release;
		};
/* End XCConfigurationList section */
	};
	rootObject = A1B2C3D4E5F6A7B8C9D0E1F2 /* Project object */;
}
